// !$*UTF8*$!
{
	archiveVersion = 1;
	classes = {
	};
	objectVersion = 56;
	objects = {

/* Begin PBXBuildFile section */
		DD7EBA712A1B789E00010EF1 /* AppDelegate.swift in Sources */ = {isa = PBXBuildFile; fileRef = DD7EBA702A1B789E00010EF1 /* AppDelegate.swift */; };
		DD7EBA732A1B789E00010EF1 /* SceneDelegate.swift in Sources */ = {isa = PBXBuildFile; fileRef = DD7EBA722A1B789E00010EF1 /* SceneDelegate.swift */; };
		DD7EBA752A1B789E00010EF1 /* ViewController.swift in Sources */ = {isa = PBXBuildFile; fileRef = DD7EBA742A1B789E00010EF1 /* ViewController.swift */; };
		DD7EBA782A1B789E00010EF1 /* Main.storyboard in Resources */ = {isa = PBXBuildFile; fileRef = DD7EBA762A1B789E00010EF1 /* Main.storyboard */; };
		DD7EBA7A2A1B78A000010EF1 /* Assets.xcassets in Resources */ = {isa = PBXBuildFile; fileRef = DD7EBA792A1B78A000010EF1 /* Assets.xcassets */; };
		DD7EBA7D2A1B78A000010EF1 /* LaunchScreen.storyboard in Resources */ = {isa = PBXBuildFile; fileRef = DD7EBA7B2A1B78A000010EF1 /* LaunchScreen.storyboard */; };
		DD7EBA852A1B78E100010EF1 /* SceneCell.swift in Sources */ = {isa = PBXBuildFile; fileRef = DD7EBA842A1B78E100010EF1 /* SceneCell.swift */; };
		DD7EBA872A1B7BD300010EF1 /* CompasitinalLayout.swift in Sources */ = {isa = PBXBuildFile; fileRef = DD7EBA862A1B7BD300010EF1 /* CompasitinalLayout.swift */; };
/* End PBXBuildFile section */

/* Begin PBXFileReference section */
		DD7EBA6D2A1B789E00010EF1 /* ScenesLayout.app */ = {isa = PBXFileReference; explicitFileType = wrapper.application; includeInIndex = 0; path = ScenesLayout.app; sourceTree = BUILT_PRODUCTS_DIR; };
		DD7EBA702A1B789E00010EF1 /* AppDelegate.swift */ = {isa = PBXFileReference; lastKnownFileType = sourcecode.swift; path = AppDelegate.swift; sourceTree = "<group>"; };
		DD7EBA722A1B789E00010EF1 /* SceneDelegate.swift */ = {isa = PBXFileReference; lastKnownFileType = sourcecode.swift; path = SceneDelegate.swift; sourceTree = "<group>"; };
		DD7EBA742A1B789E00010EF1 /* ViewController.swift */ = {isa = PBXFileReference; lastKnownFileType = sourcecode.swift; path = ViewController.swift; sourceTree = "<group>"; };
		DD7EBA772A1B789E00010EF1 /* Base */ = {isa = PBXFileReference; lastKnownFileType = file.storyboard; name = Base; path = Base.lproj/Main.storyboard; sourceTree = "<group>"; };
		DD7EBA792A1B78A000010EF1 /* Assets.xcassets */ = {isa = PBXFileReference; lastKnownFileType = folder.assetcatalog; path = Assets.xcassets; sourceTree = "<group>"; };
		DD7EBA7C2A1B78A000010EF1 /* Base */ = {isa = PBXFileReference; lastKnownFileType = file.storyboard; name = Base; path = Base.lproj/LaunchScreen.storyboard; sourceTree = "<group>"; };
		DD7EBA7E2A1B78A000010EF1 /* Info.plist */ = {isa = PBXFileReference; lastKnownFileType = text.plist.xml; path = Info.plist; sourceTree = "<group>"; };
		DD7EBA842A1B78E100010EF1 /* SceneCell.swift */ = {isa = PBXFileReference; lastKnownFileType = sourcecode.swift; path = SceneCell.swift; sourceTree = "<group>"; };
		DD7EBA862A1B7BD300010EF1 /* CompasitinalLayout.swift */ = {isa = PBXFileReference; lastKnownFileType = sourcecode.swift; path = CompasitinalLayout.swift; sourceTree = "<group>"; };
/* End PBXFileReference section */

/* Begin PBXFrameworksBuildPhase section */
		DD7EBA6A2A1B789E00010EF1 /* Frameworks */ = {
			isa = PBXFrameworksBuildPhase;
			buildActionMask = 2147483647;
			files = (
			);
			runOnlyForDeploymentPostprocessing = 0;
		};
/* End PBXFrameworksBuildPhase section */

/* Begin PBXGroup section */
		DD7EBA642A1B789E00010EF1 = {
			isa = PBXGroup;
			children = (
				DD7EBA6F2A1B789E00010EF1 /* ScenesLayout */,
				DD7EBA6E2A1B789E00010EF1 /* Products */,
			);
			sourceTree = "<group>";
		};
		DD7EBA6E2A1B789E00010EF1 /* Products */ = {
			isa = PBXGroup;
			children = (
				DD7EBA6D2A1B789E00010EF1 /* ScenesLayout.app */,
			);
			name = Products;
			sourceTree = "<group>";
		};
		DD7EBA6F2A1B789E00010EF1 /* ScenesLayout */ = {
			isa = PBXGroup;
			children = (
				DD7EBA702A1B789E00010EF1 /* AppDelegate.swift */,
				DD7EBA722A1B789E00010EF1 /* SceneDelegate.swift */,
				DD7EBA742A1B789E00010EF1 /* ViewController.swift */,
				DD7EBA762A1B789E00010EF1 /* Main.storyboard */,
				DD7EBA792A1B78A000010EF1 /* Assets.xcassets */,
				DD7EBA7B2A1B78A000010EF1 /* LaunchScreen.storyboard */,
				DD7EBA7E2A1B78A000010EF1 /* Info.plist */,
				DD7EBA842A1B78E100010EF1 /* SceneCell.swift */,
				DD7EBA862A1B7BD300010EF1 /* CompasitinalLayout.swift */,
			);
			path = ScenesLayout;
			sourceTree = "<group>";
		};
/* End PBXGroup section */

/* Begin PBXNativeTarget section */
		DD7EBA6C2A1B789E00010EF1 /* ScenesLayout */ = {
			isa = PBXNativeTarget;
			buildConfigurationList = DD7EBA812A1B78A000010EF1 /* Build configuration list for PBXNativeTarget "ScenesLayout" */;
			buildPhases = (
				DD7EBA692A1B789E00010EF1 /* Sources */,
				DD7EBA6A2A1B789E00010EF1 /* Frameworks */,
				DD7EBA6B2A1B789E00010EF1 /* Resources */,
			);
			buildRules = (
			);
			dependencies = (
			);
			name = ScenesLayout;
			productName = ScenesLayout;
			productReference = DD7EBA6D2A1B789E00010EF1 /* ScenesLayout.app */;
			productType = "com.apple.product-type.application";
		};
/* End PBXNativeTarget section */

/* Begin PBXProject section */
		DD7EBA652A1B789E00010EF1 /* Project object */ = {
			isa = PBXProject;
			attributes = {
				BuildIndependentTargetsInParallel = 1;
				LastSwiftUpdateCheck = 1430;
				LastUpgradeCheck = 1430;
				TargetAttributes = {
					DD7EBA6C2A1B789E00010EF1 = {
						CreatedOnToolsVersion = 14.3;
					};
				};
			};
			buildConfigurationList = DD7EBA682A1B789E00010EF1 /* Build configuration list for PBXProject "ScenesLayout" */;
			compatibilityVersion = "Xcode 14.0";
			developmentRegion = en;
			hasScannedForEncodings = 0;
			knownRegions = (
				en,
				Base,
			);
			mainGroup = DD7EBA642A1B789E00010EF1;
			productRefGroup = DD7EBA6E2A1B789E00010EF1 /* Products */;
			projectDirPath = "";
			projectRoot = "";
			targets = (
				DD7EBA6C2A1B789E00010EF1 /* ScenesLayout */,
			);
		};
/* End PBXProject section */

/* Begin PBXResourcesBuildPhase section */
		DD7EBA6B2A1B789E00010EF1 /* Resources */ = {
			isa = PBXResourcesBuildPhase;
			buildActionMask = 2147483647;
			files = (
				DD7EBA7D2A1B78A000010EF1 /* LaunchScreen.storyboard in Resources */,
				DD7EBA7A2A1B78A000010EF1 /* Assets.xcassets in Resources */,
				DD7EBA782A1B789E00010EF1 /* Main.storyboard in Resources */,
			);
			runOnlyForDeploymentPostprocessing = 0;
		};
/* End PBXResourcesBuildPhase section */

/* Begin PBXSourcesBuildPhase section */
		DD7EBA692A1B789E00010EF1 /* Sources */ = {
			isa = PBXSourcesBuildPhase;
			buildActionMask = 2147483647;
			files = (
				DD7EBA852A1B78E100010EF1 /* SceneCell.swift in Sources */,
				DD7EBA752A1B789E00010EF1 /* ViewController.swift in Sources */,
				DD7EBA872A1B7BD300010EF1 /* CompasitinalLayout.swift in Sources */,
				DD7EBA712A1B789E00010EF1 /* AppDelegate.swift in Sources */,
				DD7EBA732A1B789E00010EF1 /* SceneDelegate.swift in Sources */,
			);
			runOnlyForDeploymentPostprocessing = 0;
		};
/* End PBXSourcesBuildPhase section */

/* Begin PBXVariantGroup section */
		DD7EBA762A1B789E00010EF1 /* Main.storyboard */ = {
			isa = PBXVariantGroup;
			children = (
				DD7EBA772A1B789E00010EF1 /* Base */,
			);
			name = Main.storyboard;
			sourceTree = "<group>";
		};
		DD7EBA7B2A1B78A000010EF1 /* LaunchScreen.storyboard */ = {
			isa = PBXVariantGroup;
			children = (
				DD7EBA7C2A1B78A000010EF1 /* Base */,
			);
			name = LaunchScreen.storyboard;
			sourceTree = "<group>";
		};
/* End PBXVariantGroup section */

/* Begin XCBuildConfiguration section */
		DD7EBA7F2A1B78A000010EF1 /* Debug */ = {
			isa = XCBuildConfiguration;
			buildSettings = {
				ALWAYS_SEARCH_USER_PATHS = NO;
				CLANG_ANALYZER_NONNULL = YES;
				CLANG_ANALYZER_NUMBER_OBJECT_CONVERSION = YES_AGGRESSIVE;
				CLANG_CXX_LANGUAGE_STANDARD = "gnu++20";
				CLANG_ENABLE_MODULES = YES;
				CLANG_ENABLE_OBJC_ARC = YES;
				CLANG_ENABLE_OBJC_WEAK = YES;
				CLANG_WARN_BLOCK_CAPTURE_AUTORELEASING = YES;
				CLANG_WARN_BOOL_CONVERSION = YES;
				CLANG_WARN_COMMA = YES;
				CLANG_WARN_CONSTANT_CONVERSION = YES;
				CLANG_WARN_DEPRECATED_OBJC_IMPLEMENTATIONS = YES;
				CLANG_WARN_DIRECT_OBJC_ISA_USAGE = YES_ERROR;
				CLANG_WARN_DOCUMENTATION_COMMENTS = YES;
				CLANG_WARN_EMPTY_BODY = YES;
				CLANG_WARN_ENUM_CONVERSION = YES;
				CLANG_WARN_INFINITE_RECURSION = YES;
				CLANG_WARN_INT_CONVERSION = YES;
				CLANG_WARN_NON_LITERAL_NULL_CONVERSION = YES;
				CLANG_WARN_OBJC_IMPLICIT_RETAIN_SELF = YES;
				CLANG_WARN_OBJC_LITERAL_CONVERSION = YES;
				CLANG_WARN_OBJC_ROOT_CLASS = YES_ERROR;
				CLANG_WARN_QUOTED_INCLUDE_IN_FRAMEWORK_HEADER = YES;
				CLANG_WARN_RANGE_LOOP_ANALYSIS = YES;
				CLANG_WARN_STRICT_PROTOTYPES = YES;
				CLANG_WARN_SUSPICIOUS_MOVE = YES;
				CLANG_WARN_UNGUARDED_AVAILABILITY = YES_AGGRESSIVE;
				CLANG_WARN_UNREACHABLE_CODE = YES;
				CLANG_WARN__DUPLICATE_METHOD_MATCH = YES;
				COPY_PHASE_STRIP = NO;
				DEBUG_INFORMATION_FORMAT = dwarf;
				ENABLE_STRICT_OBJC_MSGSEND = YES;
				ENABLE_TESTABILITY = YES;
				GCC_C_LANGUAGE_STANDARD = gnu11;
				GCC_DYNAMIC_NO_PIC = NO;
				GCC_NO_COMMON_BLOCKS = YES;
				GCC_OPTIMIZATION_LEVEL = 0;
				GCC_PREPROCESSOR_DEFINITIONS = (
					"DEBUG=1",
					"$(inherited)",
				);
				GCC_WARN_64_TO_32_BIT_CONVERSION = YES;
				GCC_WARN_ABOUT_RETURN_TYPE = YES_ERROR;
				GCC_WARN_UNDECLARED_SELECTOR = YES;
				GCC_WARN_UNINITIALIZED_AUTOS = YES_AGGRESSIVE;
				GCC_WARN_UNUSED_FUNCTION = YES;
				GCC_WARN_UNUSED_VARIABLE = YES;
				IPHONEOS_DEPLOYMENT_TARGET = 16.4;
				MTL_ENABLE_DEBUG_INFO = INCLUDE_SOURCE;
				MTL_FAST_MATH = YES;
				ONLY_ACTIVE_ARCH = YES;
				SDKROOT = iphoneos;
				SWIFT_ACTIVE_COMPILATION_CONDITIONS = DEBUG;
				SWIFT_OPTIMIZATION_LEVEL = "-Onone";
			};
			name = Debug;
		};
		DD7EBA802A1B78A000010EF1 /* Release */ = {
			isa = XCBuildConfiguration;
			buildSettings = {
				ALWAYS_SEARCH_USER_PATHS = NO;
				CLANG_ANALYZER_NONNULL = YES;
				CLANG_ANALYZER_NUMBER_OBJECT_CONVERSION = YES_AGGRESSIVE;
				CLANG_CXX_LANGUAGE_STANDARD = "gnu++20";
				CLANG_ENABLE_MODULES = YES;
				CLANG_ENABLE_OBJC_ARC = YES;
				CLANG_ENABLE_OBJC_WEAK = YES;
				CLANG_WARN_BLOCK_CAPTURE_AUTORELEASING = YES;
				CLANG_WARN_BOOL_CONVERSION = YES;
				CLANG_WARN_COMMA = YES;
				CLANG_WARN_CONSTANT_CONVERSION = YES;
				CLANG_WARN_DEPRECATED_OBJC_IMPLEMENTATIONS = YES;
				CLANG_WARN_DIRECT_OBJC_ISA_USAGE = YES_ERROR;
				CLANG_WARN_DOCUMENTATION_COMMENTS = YES;
				CLANG_WARN_EMPTY_BODY = YES;
				CLANG_WARN_ENUM_CONVERSION = YES;
				CLANG_WARN_INFINITE_RECURSION = YES;
				CLANG_WARN_INT_CONVERSION = YES;
				CLANG_WARN_NON_LITERAL_NULL_CONVERSION = YES;
				CLANG_WARN_OBJC_IMPLICIT_RETAIN_SELF = YES;
				CLANG_WARN_OBJC_LITERAL_CONVERSION = YES;
				CLANG_WARN_OBJC_ROOT_CLASS = YES_ERROR;
				CLANG_WARN_QUOTED_INCLUDE_IN_FRAMEWORK_HEADER = YES;
				CLANG_WARN_RANGE_LOOP_ANALYSIS = YES;
				CLANG_WARN_STRICT_PROTOTYPES = YES;
				CLANG_WARN_SUSPICIOUS_MOVE = YES;
				CLANG_WARN_UNGUARDED_AVAILABILITY = YES_AGGRESSIVE;
				CLANG_WARN_UNREACHABLE_CODE = YES;
				CLANG_WARN__DUPLICATE_METHOD_MATCH = YES;
				COPY_PHASE_STRIP = NO;
				DEBUG_INFORMATION_FORMAT = "dwarf-with-dsym";
				ENABLE_NS_ASSERTIONS = NO;
				ENABLE_STRICT_OBJC_MSGSEND = YES;
				GCC_C_LANGUAGE_STANDARD = gnu11;
				GCC_NO_COMMON_BLOCKS = YES;
				GCC_WARN_64_TO_32_BIT_CONVERSION = YES;
				GCC_WARN_ABOUT_RETURN_TYPE = YES_ERROR;
				GCC_WARN_UNDECLARED_SELECTOR = YES;
				GCC_WARN_UNINITIALIZED_AUTOS = YES_AGGRESSIVE;
				GCC_WARN_UNUSED_FUNCTION = YES;
				GCC_WARN_UNUSED_VARIABLE = YES;
				IPHONEOS_DEPLOYMENT_TARGET = 16.4;
				MTL_ENABLE_DEBUG_INFO = NO;
				MTL_FAST_MATH = YES;
				SDKROOT = iphoneos;
				SWIFT_COMPILATION_MODE = wholemodule;
				SWIFT_OPTIMIZATION_LEVEL = "-O";
				VALIDATE_PRODUCT = YES;
			};
			name = Release;
		};
		DD7EBA822A1B78A000010EF1 /* Debug */ = {
			isa = XCBuildConfiguration;
			buildSettings = {
				ASSETCATALOG_COMPILER_APPICON_NAME = AppIcon;
				ASSETCATALOG_COMPILER_GLOBAL_ACCENT_COLOR_NAME = AccentColor;
				CODE_SIGN_STYLE = Automatic;
				CURRENT_PROJECT_VERSION = 1;
				DEVELOPMENT_TEAM = UH3752ZWXL;
				GENERATE_INFOPLIST_FILE = YES;
				INFOPLIST_FILE = ScenesLayout/Info.plist;
				INFOPLIST_KEY_UIApplicationSupportsIndirectInputEvents = YES;
				INFOPLIST_KEY_UILaunchStoryboardName = LaunchScreen;
				INFOPLIST_KEY_UIMainStoryboardFile = Main;
				INFOPLIST_KEY_UISupportedInterfaceOrientations_iPad = "UIInterfaceOrientationPortrait UIInterfaceOrientationPortraitUpsideDown UIInterfaceOrientationLandscapeLeft UIInterfaceOrientationLandscapeRight";
				INFOPLIST_KEY_UISupportedInterfaceOrientations_iPhone = "UIInterfaceOrientationPortrait UIInterfaceOrientationLandscapeLeft UIInterfaceOrientationLandscapeRight";
				LD_RUNPATH_SEARCH_PATHS = (
					"$(inherited)",
					"@executable_path/Frameworks",
				);
				MARKETING_VERSION = 1.0;
				PRODUCT_BUNDLE_IDENTIFIER = iti.ScenesLayout;
				PRODUCT_NAME = "$(TARGET_NAME)";
				SWIFT_EMIT_LOC_STRINGS = YES;
				SWIFT_VERSION = 5.0;
				TARGETED_DEVICE_FAMILY = "1,2";
			};
			name = Debug;
		};
		DD7EBA832A1B78A000010EF1 /* Release */ = {
			isa = XCBuildConfiguration;
			buildSettings = {
				ASSETCATALOG_COMPILER_APPICON_NAME = AppIcon;
				ASSETCATALOG_COMPILER_GLOBAL_ACCENT_COLOR_NAME = AccentColor;
				CODE_SIGN_STYLE = Automatic;
				CURRENT_PROJECT_VERSION = 1;
				DEVELOPMENT_TEAM = UH3752ZWXL;
				GENERATE_INFOPLIST_FILE = YES;
				INFOPLIST_FILE = ScenesLayout/Info.plist;
				INFOPLIST_KEY_UIApplicationSupportsIndirectInputEvents = YES;
				INFOPLIST_KEY_UILaunchStoryboardName = LaunchScreen;
				INFOPLIST_KEY_UIMainStoryboardFile = Main;
				INFOPLIST_KEY_UISupportedInterfaceOrientations_iPad = "UIInterfaceOrientationPortrait UIInterfaceOrientationPortraitUpsideDown UIInterfaceOrientationLandscapeLeft UIInterfaceOrientationLandscapeRight";
				INFOPLIST_KEY_UISupportedInterfaceOrientations_iPhone = "UIInterfaceOrientationPortrait UIInterfaceOrientationLandscapeLeft UIInterfaceOrientationLandscapeRight";
				LD_RUNPATH_SEARCH_PATHS = (
					"$(inherited)",
					"@executable_path/Frameworks",
				);
				MARKETING_VERSION = 1.0;
				PRODUCT_BUNDLE_IDENTIFIER = iti.ScenesLayout;
				PRODUCT_NAME = "$(TARGET_NAME)";
				SWIFT_EMIT_LOC_STRINGS = YES;
				SWIFT_VERSION = 5.0;
				TARGETED_DEVICE_FAMILY = "1,2";
			};
			name = Release;
		};
/* End XCBuildConfiguration section */

/* Begin XCConfigurationList section */
		DD7EBA682A1B789E00010EF1 /* Build configuration list for PBXProject "ScenesLayout" */ = {
			isa = XCConfigurationList;
			buildConfigurations = (
				DD7EBA7F2A1B78A000010EF1 /* Debug */,
				DD7EBA802A1B78A000010EF1 /* Release */,
			);
			defaultConfigurationIsVisible = 0;
			defaultConfigurationName = Release;
		};
		DD7EBA812A1B78A000010EF1 /* Build configuration list for PBXNativeTarget "ScenesLayout" */ = {
			isa = XCConfigurationList;
			buildConfigurations = (
				DD7EBA822A1B78A000010EF1 /* Debug */,
				DD7EBA832A1B78A000010EF1 /* Release */,
			);
			defaultConfigurationIsVisible = 0;
			defaultConfigurationName = Release;
		};
/* End XCConfigurationList section */
	};
	rootObject = DD7EBA652A1B789E00010EF1 /* Project object */;
}
